
Microsoft Visual Studio Solution File, Format Version 12.00
# Visual Studio Version 16
VisualStudioVersion = 16.0.30204.135
MinimumVisualStudioVersion = 10.0.40219.1
Project("{2150E333-8FDC-42A3-9474-1A3956D46DE8}") = "CFS Businesses", "CFS Businesses", "{AD52B313-1A24-40C8-A1FF-77CACFA7A7D9}"
EndProject
Project("{2150E333-8FDC-42A3-9474-1A3956D46DE8}") = "CFS Infrustractures", "CFS Infrustractures", "{874A5E97-BE03-4BD6-A6B2-C008F093DA0E}"
EndProject
Project("{2150E333-8FDC-42A3-9474-1A3956D46DE8}") = "CFS APIs", "CFS APIs", "{C20EED35-BFF6-40FE-80F1-9743651D4A1D}"
EndProject
Project("{2150E333-8FDC-42A3-9474-1A3956D46DE8}") = "Data", "Data", "{568911B1-A582-46BD-A49D-1CBC496D22D2}"
EndProject
Project("{2150E333-8FDC-42A3-9474-1A3956D46DE8}") = "Logging", "Logging", "{0CFF5319-89D9-41EF-92C8-D3985AF51FCC}"
EndProject
Project("{9A19103F-16F7-4668-BE54-9A1E7A4F7556}") = "CFSMicroservice", "CFSMicroservice\CFSMicroservice.csproj", "{C2A159A2-2AB9-40CA-9FFC-6A4C32E3962D}"
EndProject
Project("{9A19103F-16F7-4668-BE54-9A1E7A4F7556}") = "CFSBusinesses.Core", "CFSBusinesses.Core\CFSBusinesses.Core.csproj", "{A69149A7-B483-491A-89EF-45A17AAE61A3}"
EndProject
Project("{2150E333-8FDC-42A3-9474-1A3956D46DE8}") = "Security", "Security", "{EC22941D-022F-409F-9DA8-B458F392E44D}"
EndProject
Project("{9A19103F-16F7-4668-BE54-9A1E7A4F7556}") = "CFS.Permission", "KSEMS.Permission\CFS.Permission.csproj", "{C3CCAC5A-0771-4B97-A5CB-A24CB581CAFC}"
EndProject
Project("{9A19103F-16F7-4668-BE54-9A1E7A4F7556}") = "CFS.Authorization", "CFS.Authorization\CFS.Authorization.csproj", "{8E7274B2-4067-4B43-AB6D-006EF08FC065}"
EndProject
Project("{2150E333-8FDC-42A3-9474-1A3956D46DE8}") = "Strategies", "Strategies", "{ED11C8D5-365F-4503-A8AE-A10967A06DE6}"
EndProject
Project("{2150E333-8FDC-42A3-9474-1A3956D46DE8}") = "Cache", "Cache", "{2CA858D4-07D8-4543-A74F-D2FF04A60A3E}"
EndProject
Project("{9A19103F-16F7-4668-BE54-9A1E7A4F7556}") = "CFS.Strategy.Redis", "CFS.Strategy.Redis\CFS.Strategy.Redis.csproj", "{B02B4FB9-D612-4B56-9C45-1196BC5F5E08}"
EndProject
Project("{2150E333-8FDC-42A3-9474-1A3956D46DE8}") = "Core", "Core", "{872C8D84-D408-4250-99EA-E9F5A108A49B}"
EndProject
Project("{9A19103F-16F7-4668-BE54-9A1E7A4F7556}") = "CFS.Infrastructure.Core", "CFS.Infrastructure.Core\CFS.Infrastructure.Core.csproj", "{D9B3318A-151B-4346-A57F-B02C67E75655}"
EndProject
Project("{FAE04EC0-301F-11D3-BF4B-00C04F79EFBC}") = "CFS.Data", "CFS.Data\CFS.Data.csproj", "{FD70C54C-A641-4162-AB6C-D7DD24F80596}"
EndProject
Global
	GlobalSection(SolutionConfigurationPlatforms) = preSolution
		Debug|Any CPU = Debug|Any CPU
		Release|Any CPU = Release|Any CPU
	EndGlobalSection
	GlobalSection(ProjectConfigurationPlatforms) = postSolution
		{C2A159A2-2AB9-40CA-9FFC-6A4C32E3962D}.Debug|Any CPU.ActiveCfg = Debug|Any CPU
		{C2A159A2-2AB9-40CA-9FFC-6A4C32E3962D}.Debug|Any CPU.Build.0 = Debug|Any CPU
		{C2A159A2-2AB9-40CA-9FFC-6A4C32E3962D}.Release|Any CPU.ActiveCfg = Release|Any CPU
		{C2A159A2-2AB9-40CA-9FFC-6A4C32E3962D}.Release|Any CPU.Build.0 = Release|Any CPU
		{A69149A7-B483-491A-89EF-45A17AAE61A3}.Debug|Any CPU.ActiveCfg = Debug|Any CPU
		{A69149A7-B483-491A-89EF-45A17AAE61A3}.Debug|Any CPU.Build.0 = Debug|Any CPU
		{A69149A7-B483-491A-89EF-45A17AAE61A3}.Release|Any CPU.ActiveCfg = Release|Any CPU
		{A69149A7-B483-491A-89EF-45A17AAE61A3}.Release|Any CPU.Build.0 = Release|Any CPU
		{C3CCAC5A-0771-4B97-A5CB-A24CB581CAFC}.Debug|Any CPU.ActiveCfg = Debug|Any CPU
		{C3CCAC5A-0771-4B97-A5CB-A24CB581CAFC}.Debug|Any CPU.Build.0 = Debug|Any CPU
		{C3CCAC5A-0771-4B97-A5CB-A24CB581CAFC}.Release|Any CPU.ActiveCfg = Release|Any CPU
		{C3CCAC5A-0771-4B97-A5CB-A24CB581CAFC}.Release|Any CPU.Build.0 = Release|Any CPU
		{8E7274B2-4067-4B43-AB6D-006EF08FC065}.Debug|Any CPU.ActiveCfg = Debug|Any CPU
		{8E7274B2-4067-4B43-AB6D-006EF08FC065}.Debug|Any CPU.Build.0 = Debug|Any CPU
		{8E7274B2-4067-4B43-AB6D-006EF08FC065}.Release|Any CPU.ActiveCfg = Release|Any CPU
		{8E7274B2-4067-4B43-AB6D-006EF08FC065}.Release|Any CPU.Build.0 = Release|Any CPU
		{B02B4FB9-D612-4B56-9C45-1196BC5F5E08}.Debug|Any CPU.ActiveCfg = Debug|Any CPU
		{B02B4FB9-D612-4B56-9C45-1196BC5F5E08}.Debug|Any CPU.Build.0 = Debug|Any CPU
		{B02B4FB9-D612-4B56-9C45-1196BC5F5E08}.Release|Any CPU.ActiveCfg = Release|Any CPU
		{B02B4FB9-D612-4B56-9C45-1196BC5F5E08}.Release|Any CPU.Build.0 = Release|Any CPU
		{D9B3318A-151B-4346-A57F-B02C67E75655}.Debug|Any CPU.ActiveCfg = Debug|Any CPU
		{D9B3318A-151B-4346-A57F-B02C67E75655}.Debug|Any CPU.Build.0 = Debug|Any CPU
		{D9B3318A-151B-4346-A57F-B02C67E75655}.Release|Any CPU.ActiveCfg = Release|Any CPU
		{D9B3318A-151B-4346-A57F-B02C67E75655}.Release|Any CPU.Build.0 = Release|Any CPU
		{FD70C54C-A641-4162-AB6C-D7DD24F80596}.Debug|Any CPU.ActiveCfg = Debug|Any CPU
		{FD70C54C-A641-4162-AB6C-D7DD24F80596}.Debug|Any CPU.Build.0 = Debug|Any CPU
		{FD70C54C-A641-4162-AB6C-D7DD24F80596}.Release|Any CPU.ActiveCfg = Release|Any CPU
		{FD70C54C-A641-4162-AB6C-D7DD24F80596}.Release|Any CPU.Build.0 = Release|Any CPU
	EndGlobalSection
	GlobalSection(SolutionProperties) = preSolution
		HideSolutionNode = FALSE
	EndGlobalSection
	GlobalSection(NestedProjects) = preSolution
		{568911B1-A582-46BD-A49D-1CBC496D22D2} = {874A5E97-BE03-4BD6-A6B2-C008F093DA0E}
		{0CFF5319-89D9-41EF-92C8-D3985AF51FCC} = {874A5E97-BE03-4BD6-A6B2-C008F093DA0E}
		{C2A159A2-2AB9-40CA-9FFC-6A4C32E3962D} = {C20EED35-BFF6-40FE-80F1-9743651D4A1D}
		{A69149A7-B483-491A-89EF-45A17AAE61A3} = {AD52B313-1A24-40C8-A1FF-77CACFA7A7D9}
		{EC22941D-022F-409F-9DA8-B458F392E44D} = {874A5E97-BE03-4BD6-A6B2-C008F093DA0E}
		{C3CCAC5A-0771-4B97-A5CB-A24CB581CAFC} = {EC22941D-022F-409F-9DA8-B458F392E44D}
		{8E7274B2-4067-4B43-AB6D-006EF08FC065} = {EC22941D-022F-409F-9DA8-B458F392E44D}
		{ED11C8D5-365F-4503-A8AE-A10967A06DE6} = {874A5E97-BE03-4BD6-A6B2-C008F093DA0E}
		{2CA858D4-07D8-4543-A74F-D2FF04A60A3E} = {ED11C8D5-365F-4503-A8AE-A10967A06DE6}
		{B02B4FB9-D612-4B56-9C45-1196BC5F5E08} = {2CA858D4-07D8-4543-A74F-D2FF04A60A3E}
		{872C8D84-D408-4250-99EA-E9F5A108A49B} = {874A5E97-BE03-4BD6-A6B2-C008F093DA0E}
		{D9B3318A-151B-4346-A57F-B02C67E75655} = {872C8D84-D408-4250-99EA-E9F5A108A49B}
		{FD70C54C-A641-4162-AB6C-D7DD24F80596} = {568911B1-A582-46BD-A49D-1CBC496D22D2}
	EndGlobalSection
	GlobalSection(ExtensibilityGlobals) = postSolution
		SolutionGuid = {2A8AF0C2-945C-4C0F-A85C-C4C3344CD8B3}
	EndGlobalSection
EndGlobal
